
Microsoft Visual Studio Solution File, Format Version 12.00
# Visual Studio 15
VisualStudioVersion = 15.0.26430.16
MinimumVisualStudioVersion = 10.0.40219.1
Project("{FAE04EC0-301F-11D3-BF4B-00C04F79EFBC}") = "ScenarioWithoutDependencyInjection", "ScenarioWithoutDependencyInjection\ScenarioWithoutDependencyInjection.csproj", "{FEE7AA3B-A82B-4D20-B450-6A3F4170B18E}"
EndProject
Project("{FAE04EC0-301F-11D3-BF4B-00C04F79EFBC}") = "RegisteringTypes", "RegisteringTypes\RegisteringTypes.csproj", "{DBE56FB3-ED2E-4DD3-8538-95632577D431}"
EndProject
Project("{FAE04EC0-301F-11D3-BF4B-00C04F79EFBC}") = "DefaultRegisterations", "DefaultRegisterations\DefaultRegisterations.csproj", "{E7A2DE12-D7B3-463C-A766-4AB6C8979207}"
EndProject
Project("{FAE04EC0-301F-11D3-BF4B-00C04F79EFBC}") = "UsingConstructor", "UsingConstructor\UsingConstructor.csproj", "{ECE30A13-A2EC-4E48-A37E-554E8A2A3506}"
EndProject
Project("{FAE04EC0-301F-11D3-BF4B-00C04F79EFBC}") = "RegisteringInstances", "RegisteringInstances\RegisteringInstances.csproj", "{8EE07DCA-6730-4F86-A99D-72AF79A3A362}"
EndProject
Global
	GlobalSection(SolutionConfigurationPlatforms) = preSolution
		Debug|Any CPU = Debug|Any CPU
		Release|Any CPU = Release|Any CPU
	EndGlobalSection
	GlobalSection(ProjectConfigurationPlatforms) = postSolution
		{FEE7AA3B-A82B-4D20-B450-6A3F4170B18E}.Debug|Any CPU.ActiveCfg = Debug|Any CPU
		{FEE7AA3B-A82B-4D20-B450-6A3F4170B18E}.Debug|Any CPU.Build.0 = Debug|Any CPU
		{FEE7AA3B-A82B-4D20-B450-6A3F4170B18E}.Release|Any CPU.ActiveCfg = Release|Any CPU
		{FEE7AA3B-A82B-4D20-B450-6A3F4170B18E}.Release|Any CPU.Build.0 = Release|Any CPU
		{DBE56FB3-ED2E-4DD3-8538-95632577D431}.Debug|Any CPU.ActiveCfg = Debug|Any CPU
		{DBE56FB3-ED2E-4DD3-8538-95632577D431}.Debug|Any CPU.Build.0 = Debug|Any CPU
		{DBE56FB3-ED2E-4DD3-8538-95632577D431}.Release|Any CPU.ActiveCfg = Release|Any CPU
		{DBE56FB3-ED2E-4DD3-8538-95632577D431}.Release|Any CPU.Build.0 = Release|Any CPU
		{E7A2DE12-D7B3-463C-A766-4AB6C8979207}.Debug|Any CPU.ActiveCfg = Debug|Any CPU
		{E7A2DE12-D7B3-463C-A766-4AB6C8979207}.Debug|Any CPU.Build.0 = Debug|Any CPU
		{E7A2DE12-D7B3-463C-A766-4AB6C8979207}.Release|Any CPU.ActiveCfg = Release|Any CPU
		{E7A2DE12-D7B3-463C-A766-4AB6C8979207}.Release|Any CPU.Build.0 = Release|Any CPU
		{ECE30A13-A2EC-4E48-A37E-554E8A2A3506}.Debug|Any CPU.ActiveCfg = Debug|Any CPU
		{ECE30A13-A2EC-4E48-A37E-554E8A2A3506}.Debug|Any CPU.Build.0 = Debug|Any CPU
		{ECE30A13-A2EC-4E48-A37E-554E8A2A3506}.Release|Any CPU.ActiveCfg = Release|Any CPU
		{ECE30A13-A2EC-4E48-A37E-554E8A2A3506}.Release|Any CPU.Build.0 = Release|Any CPU
		{8EE07DCA-6730-4F86-A99D-72AF79A3A362}.Debug|Any CPU.ActiveCfg = Debug|Any CPU
		{8EE07DCA-6730-4F86-A99D-72AF79A3A362}.Debug|Any CPU.Build.0 = Debug|Any CPU
		{8EE07DCA-6730-4F86-A99D-72AF79A3A362}.Release|Any CPU.ActiveCfg = Release|Any CPU
		{8EE07DCA-6730-4F86-A99D-72AF79A3A362}.Release|Any CPU.Build.0 = Release|Any CPU
	EndGlobalSection
	GlobalSection(SolutionProperties) = preSolution
		HideSolutionNode = FALSE
	EndGlobalSection
EndGlobal
